
Microsoft Visual Studio Solution File, Format Version 12.00
# Visual Studio Version 16
VisualStudioVersion = 16.0.31410.357
MinimumVisualStudioVersion = 10.0.40219.1
Project("{9A19103F-16F7-4668-BE54-9A1E7A4F7556}") = "DataAccess", "DataAccess\DataAccess.csproj", "{F9F18C54-2817-4C83-BD04-7792A0DC960C}"
EndProject
Project("{9A19103F-16F7-4668-BE54-9A1E7A4F7556}") = "Business", "Business\Business.csproj", "{ACC1334C-D1F3-40D4-A4B3-A6D6EDF0BC47}"
EndProject
Project("{9A19103F-16F7-4668-BE54-9A1E7A4F7556}") = "Entities", "Entities\Entities.csproj", "{65B2A143-839A-4BDA-8CA5-887DD7864EA4}"
EndProject
Project("{9A19103F-16F7-4668-BE54-9A1E7A4F7556}") = "ConsoleUI", "ConsoleUI\ConsoleUI.csproj", "{CB193B11-DD1C-4BFA-8D50-50DAE3CDF528}"
EndProject
Project("{9A19103F-16F7-4668-BE54-9A1E7A4F7556}") = "Core", "Core\Core.csproj", "{D38DD210-6056-4F6C-BD02-5C67278D954F}"
EndProject
Project("{9A19103F-16F7-4668-BE54-9A1E7A4F7556}") = "WebAPI", "WebAPI\WebAPI.csproj", "{55D22816-94E9-435A-99B5-475ED180161C}"
EndProject
Global
	GlobalSection(SolutionConfigurationPlatforms) = preSolution
		Debug|Any CPU = Debug|Any CPU
		Release|Any CPU = Release|Any CPU
	EndGlobalSection
	GlobalSection(ProjectConfigurationPlatforms) = postSolution
		{F9F18C54-2817-4C83-BD04-7792A0DC960C}.Debug|Any CPU.ActiveCfg = Debug|Any CPU
		{F9F18C54-2817-4C83-BD04-7792A0DC960C}.Debug|Any CPU.Build.0 = Debug|Any CPU
		{F9F18C54-2817-4C83-BD04-7792A0DC960C}.Release|Any CPU.ActiveCfg = Release|Any CPU
		{F9F18C54-2817-4C83-BD04-7792A0DC960C}.Release|Any CPU.Build.0 = Release|Any CPU
		{ACC1334C-D1F3-40D4-A4B3-A6D6EDF0BC47}.Debug|Any CPU.ActiveCfg = Debug|Any CPU
		{ACC1334C-D1F3-40D4-A4B3-A6D6EDF0BC47}.Debug|Any CPU.Build.0 = Debug|Any CPU
		{ACC1334C-D1F3-40D4-A4B3-A6D6EDF0BC47}.Release|Any CPU.ActiveCfg = Release|Any CPU
		{ACC1334C-D1F3-40D4-A4B3-A6D6EDF0BC47}.Release|Any CPU.Build.0 = Release|Any CPU
		{65B2A143-839A-4BDA-8CA5-887DD7864EA4}.Debug|Any CPU.ActiveCfg = Debug|Any CPU
		{65B2A143-839A-4BDA-8CA5-887DD7864EA4}.Debug|Any CPU.Build.0 = Debug|Any CPU
		{65B2A143-839A-4BDA-8CA5-887DD7864EA4}.Release|Any CPU.ActiveCfg = Release|Any CPU
		{65B2A143-839A-4BDA-8CA5-887DD7864EA4}.Release|Any CPU.Build.0 = Release|Any CPU
		{CB193B11-DD1C-4BFA-8D50-50DAE3CDF528}.Debug|Any CPU.ActiveCfg = Debug|Any CPU
		{CB193B11-DD1C-4BFA-8D50-50DAE3CDF528}.Debug|Any CPU.Build.0 = Debug|Any CPU
		{CB193B11-DD1C-4BFA-8D50-50DAE3CDF528}.Release|Any CPU.ActiveCfg = Release|Any CPU
		{CB193B11-DD1C-4BFA-8D50-50DAE3CDF528}.Release|Any CPU.Build.0 = Release|Any CPU
		{D38DD210-6056-4F6C-BD02-5C67278D954F}.Debug|Any CPU.ActiveCfg = Debug|Any CPU
		{D38DD210-6056-4F6C-BD02-5C67278D954F}.Debug|Any CPU.Build.0 = Debug|Any CPU
		{D38DD210-6056-4F6C-BD02-5C67278D954F}.Release|Any CPU.ActiveCfg = Release|Any CPU
		{D38DD210-6056-4F6C-BD02-5C67278D954F}.Release|Any CPU.Build.0 = Release|Any CPU
		{55D22816-94E9-435A-99B5-475ED180161C}.Debug|Any CPU.ActiveCfg = Debug|Any CPU
		{55D22816-94E9-435A-99B5-475ED180161C}.Debug|Any CPU.Build.0 = Debug|Any CPU
		{55D22816-94E9-435A-99B5-475ED180161C}.Release|Any CPU.ActiveCfg = Release|Any CPU
		{55D22816-94E9-435A-99B5-475ED180161C}.Release|Any CPU.Build.0 = Release|Any CPU
	EndGlobalSection
	GlobalSection(SolutionProperties) = preSolution
		HideSolutionNode = FALSE
	EndGlobalSection
	GlobalSection(ExtensibilityGlobals) = postSolution
		SolutionGuid = {E2B9B5A1-E6C7-42DD-AC60-88138B13F56A}
	EndGlobalSection
EndGlobal
